
Microsoft Visual Studio Solution File, Format Version 12.00
# Visual Studio 2013
VisualStudioVersion = 12.0.21005.1
MinimumVisualStudioVersion = 10.0.40219.1
Project("{FAE04EC0-301F-11D3-BF4B-00C04F79EFBC}") = "Fenicia_Web", "Fenicia_Web\Fenicia_Web.csproj", "{2C20A580-798B-4B3F-A272-959B38943C64}"
EndProject
Project("{FAE04EC0-301F-11D3-BF4B-00C04F79EFBC}") = "Datos", "Datos\Datos.csproj", "{68E272DC-EDB1-490B-84A6-33E942019EB6}"
EndProject
Project("{FAE04EC0-301F-11D3-BF4B-00C04F79EFBC}") = "Logica", "Logica\Logica.csproj", "{C1D879E3-1618-4D64-9054-E8B01E184F54}"
EndProject
Global
	GlobalSection(SolutionConfigurationPlatforms) = preSolution
		Debug|Any CPU = Debug|Any CPU
		Release|Any CPU = Release|Any CPU
	EndGlobalSection
	GlobalSection(ProjectConfigurationPlatforms) = postSolution
		{2C20A580-798B-4B3F-A272-959B38943C64}.Debug|Any CPU.ActiveCfg = Debug|Any CPU
		{2C20A580-798B-4B3F-A272-959B38943C64}.Debug|Any CPU.Build.0 = Debug|Any CPU
		{2C20A580-798B-4B3F-A272-959B38943C64}.Release|Any CPU.ActiveCfg = Release|Any CPU
		{2C20A580-798B-4B3F-A272-959B38943C64}.Release|Any CPU.Build.0 = Release|Any CPU
		{68E272DC-EDB1-490B-84A6-33E942019EB6}.Debug|Any CPU.ActiveCfg = Debug|Any CPU
		{68E272DC-EDB1-490B-84A6-33E942019EB6}.Debug|Any CPU.Build.0 = Debug|Any CPU
		{68E272DC-EDB1-490B-84A6-33E942019EB6}.Release|Any CPU.ActiveCfg = Release|Any CPU
		{68E272DC-EDB1-490B-84A6-33E942019EB6}.Release|Any CPU.Build.0 = Release|Any CPU
		{C1D879E3-1618-4D64-9054-E8B01E184F54}.Debug|Any CPU.ActiveCfg = Debug|Any CPU
		{C1D879E3-1618-4D64-9054-E8B01E184F54}.Debug|Any CPU.Build.0 = Debug|Any CPU
		{C1D879E3-1618-4D64-9054-E8B01E184F54}.Release|Any CPU.ActiveCfg = Release|Any CPU
		{C1D879E3-1618-4D64-9054-E8B01E184F54}.Release|Any CPU.Build.0 = Release|Any CPU
	EndGlobalSection
	GlobalSection(SolutionProperties) = preSolution
		HideSolutionNode = FALSE
	EndGlobalSection
EndGlobal
